{
  "version": "5",
  "specifiers": {
    "jsr:@hiisi/flash-freeze@0.1.1-alpha.1": "0.1.1-alpha.1",
    "jsr:@hiisi/viola-script-lints@0.3": "0.3.0",
    "jsr:@std/assert@1": "1.0.17",
    "jsr:@std/fs@1": "1.0.22",
    "jsr:@std/internal@^1.0.12": "1.0.12",
    "jsr:@std/path@1": "1.1.4",
    "jsr:@std/path@^1.1.4": "1.1.4",
    "npm:tree-sitter-typescript@0.23.2": "0.23.2",
    "npm:web-tree-sitter@0.22.6": "0.22.6"
  },
  "jsr": {
    "@hiisi/flash-freeze@0.1.1-alpha.1": {
      "integrity": "f431970528bacc17ecacce880eec8c824fcf737e04021043c904fd21eb97f490"
    },
    "@hiisi/viola-script-lints@0.3.0": {
      "integrity": "1fa52989241824e8edc4e37b081a2687a3710e2e102e5e956477fcdcfa9a4537",
      "dependencies": [
        "jsr:@std/fs",
        "jsr:@std/path@1"
      ]
    },
    "@std/assert@1.0.17": {
      "integrity": "df5ebfffe77c03b3fa1401e11c762cc8f603d51021c56c4d15a8c7ab45e90dbe",
      "dependencies": [
        "jsr:@std/internal"
      ]
    },
    "@std/fs@1.0.22": {
      "integrity": "de0f277a58a867147a8a01bc1b181d0dfa80bfddba8c9cf2bacd6747bcec9308",
      "dependencies": [
        "jsr:@std/internal",
        "jsr:@std/path@^1.1.4"
      ]
    },
    "@std/internal@1.0.12": {
      "integrity": "972a634fd5bc34b242024402972cd5143eac68d8dffaca5eaa4dba30ce17b027"
    },
    "@std/path@1.1.4": {
      "integrity": "1d2d43f39efb1b42f0b1882a25486647cb851481862dc7313390b2bb044314b5",
      "dependencies": [
        "jsr:@std/internal"
      ]
    }
  },
  "npm": {
    "node-addon-api@8.9.2": {
      "integrity": "sha512-VijLXbi3UACN69I0JVXJsX4tjACjNoQDgv2gTF6sx2wWEi8tkSg2eX8p5gSIFi8z2+DL3oHmY6OyKce38SDolg=="
    },
    "node-gyp-build@4.8.4": {
      "integrity": "sha512-LA4ZjwlnUblHVgq0oBF3Jl/6h/Nvs5fzBLwdEF4nuxnFdsfajde4WfxtJr3CaiH+F6ewcIB/q4jQ4UzPyid+CQ==",
      "bin": true
    },
    "tree-sitter-javascript@0.23.1": {
      "integrity": "sha512-/bnhbrTD9frUYHQTiYnPcxyHORIw157ERBa6dqzaKxvR/x3PC4Yzd+D1pZIMS6zNg2v3a8BZ0oK7jHqsQo9fWA==",
      "dependencies": [
        "node-addon-api",
        "node-gyp-build"
      ],
      "scripts": true
    },
    "tree-sitter-typescript@0.23.2": {
      "integrity": "sha512-e04JUUKxTT53/x3Uq1zIL45DoYKVfHH4CZqwgZhPg5qYROl5nQjV+85ruFzFGZxu+QeFVbRTPDRnqL9UbU4VeA==",
      "dependencies": [
        "node-addon-api",
        "node-gyp-build",
        "tree-sitter-javascript"
      ],
      "scripts": true
    },
    "web-tree-sitter@0.22.6": {
      "integrity": "sha512-hS87TH71Zd6mGAmYCvlgxeGDjqd9GTeqXNqTT+u0Gs51uIozNIaaq/kUAbV/Zf56jb2ZOyG8BxZs2GG9wbLi6Q=="
    }
  },
  "workspace": {
    "dependencies": [
      "jsr:@hiisi/flash-freeze@0.1.1-alpha.1",
      "jsr:@std/assert@1",
      "jsr:@std/fs@1",
      "jsr:@std/path@1",
      "npm:tree-sitter-typescript@0.23.2",
      "npm:web-tree-sitter@0.22.6"
    ]
  }
}
